
Microsoft Visual Studio Solution File, Format Version 12.00
# Visual Studio 15
VisualStudioVersion = 15.0.28307.329
MinimumVisualStudioVersion = 10.0.40219.1
Project("{FAE04EC0-301F-11D3-BF4B-00C04F79EFBC}") = "web_secure_math", "web_secure_math\web_secure_math.csproj", "{8287C607-43EC-4422-AC10-4FCA10AF4E50}"
EndProject
Global
	GlobalSection(SolutionConfigurationPlatforms) = preSolution
		Debug|Any CPU = Debug|Any CPU
		Release|Any CPU = Release|Any CPU
	EndGlobalSection
	GlobalSection(ProjectConfigurationPlatforms) = postSolution
		{8287C607-43EC-4422-AC10-4FCA10AF4E50}.Debug|Any CPU.ActiveCfg = Debug|Any CPU
		{8287C607-43EC-4422-AC10-4FCA10AF4E50}.Debug|Any CPU.Build.0 = Debug|Any CPU
		{8287C607-43EC-4422-AC10-4FCA10AF4E50}.Release|Any CPU.ActiveCfg = Release|Any CPU
		{8287C607-43EC-4422-AC10-4FCA10AF4E50}.Release|Any CPU.Build.0 = Release|Any CPU
	EndGlobalSection
	GlobalSection(SolutionProperties) = preSolution
		HideSolutionNode = FALSE
	EndGlobalSection
	GlobalSection(ExtensibilityGlobals) = postSolution
		SolutionGuid = {94844A88-F80F-4526-ABA7-FF2EE1819AFF}
	EndGlobalSection
EndGlobal
